
Microsoft Visual Studio Solution File, Format Version 12.00
# Visual Studio Version 16
VisualStudioVersion = 16.0.29905.134
MinimumVisualStudioVersion = 10.0.40219.1
Project("{FAE04EC0-301F-11D3-BF4B-00C04F79EFBC}") = "Niramaya", "Niramaya\Niramaya.csproj", "{77A50605-2DB1-4CA3-B6E4-36C2CC482E56}"
EndProject
Global
	GlobalSection(SolutionConfigurationPlatforms) = preSolution
		Debug|Any CPU = Debug|Any CPU
		Release|Any CPU = Release|Any CPU
	EndGlobalSection
	GlobalSection(ProjectConfigurationPlatforms) = postSolution
		{77A50605-2DB1-4CA3-B6E4-36C2CC482E56}.Debug|Any CPU.ActiveCfg = Debug|Any CPU
		{77A50605-2DB1-4CA3-B6E4-36C2CC482E56}.Debug|Any CPU.Build.0 = Debug|Any CPU
		{77A50605-2DB1-4CA3-B6E4-36C2CC482E56}.Release|Any CPU.ActiveCfg = Release|Any CPU
		{77A50605-2DB1-4CA3-B6E4-36C2CC482E56}.Release|Any CPU.Build.0 = Release|Any CPU
	EndGlobalSection
	GlobalSection(SolutionProperties) = preSolution
		HideSolutionNode = FALSE
	EndGlobalSection
	GlobalSection(ExtensibilityGlobals) = postSolution
		SolutionGuid = {7C81A0C0-0BC1-4024-8A90-B416A687F4FF}
	EndGlobalSection
EndGlobal
